
Microsoft Visual Studio Solution File, Format Version 12.00
# Visual Studio Version 17
VisualStudioVersion = 17.6.33815.320
MinimumVisualStudioVersion = 10.0.40219.1
Project("{FAE04EC0-301F-11D3-BF4B-00C04F79EFBC}") = "Queueing items", "Queueing items\Queueing items.csproj", "{D5870518-BA56-4176-96B7-CA6F79D0905B}"
EndProject
Global
	GlobalSection(SolutionConfigurationPlatforms) = preSolution
		Debug|Any CPU = Debug|Any CPU
		Release|Any CPU = Release|Any CPU
	EndGlobalSection
	GlobalSection(ProjectConfigurationPlatforms) = postSolution
		{D5870518-BA56-4176-96B7-CA6F79D0905B}.Debug|Any CPU.ActiveCfg = Debug|Any CPU
		{D5870518-BA56-4176-96B7-CA6F79D0905B}.Debug|Any CPU.Build.0 = Debug|Any CPU
		{D5870518-BA56-4176-96B7-CA6F79D0905B}.Release|Any CPU.ActiveCfg = Release|Any CPU
		{D5870518-BA56-4176-96B7-CA6F79D0905B}.Release|Any CPU.Build.0 = Release|Any CPU
	EndGlobalSection
	GlobalSection(SolutionProperties) = preSolution
		HideSolutionNode = FALSE
	EndGlobalSection
	GlobalSection(ExtensibilityGlobals) = postSolution
		SolutionGuid = {ACA28A8C-B7D7-47AE-91B1-D32A7B434882}
	EndGlobalSection
EndGlobal
